# THIS IS AN AUTOGENERATED FILE. DO NOT EDIT THIS FILE DIRECTLY.
# yarn lockfile v1


"@tencent-weixin/openclaw-weixin-cli@^2.1.1":
  version "2.1.1"
  resolved "https://registry.npmjs.org/@tencent-weixin/openclaw-weixin-cli/-/openclaw-weixin-cli-2.1.1.tgz#919a1ee3687f963ba08cdf00c31c1c6d23c89671"
  integrity sha512-BTU9YC6Bp/iC+WUpq4LkiK/FgZ60eO23dn1f4yrAiJkfZNg6nhpLyOKEqtA4jiQa3j0h/B9zOG+4h7rCGpJ4pQ==

"@tencent-weixin/openclaw-weixin@^2.1.1":
  version "2.1.1"
  resolved "https://registry.npmjs.org/@tencent-weixin/openclaw-weixin/-/openclaw-weixin-2.1.1.tgz#574c53a912986bc6b97ae672c1af0327f8be2fcb"
  integrity sha512-lSiTI+9eQQuvZXehuteNps3Ia4/ih5zml6QEgICwA2+9xT1sd5z8C+ldgRfrYd8lZTxYWC8ffkLtG0EVo2E7Ag==
  dependencies:
    qrcode-terminal "0.12.0"
    zod "4.3.6"

qrcode-terminal@0.12.0:
  version "0.12.0"
  resolved "https://registry.npmjs.org/qrcode-terminal/-/qrcode-terminal-0.12.0.tgz#bb5b699ef7f9f0505092a3748be4464fe71b5819"
  integrity sha512-EXtzRZmC+YGmGlDFbXKxQiMZNwCLEO6BANKXG4iCtSIM0yqc/pappSx3RIKr4r0uh5JsBckOXeKrB3Iz7mdQpQ==

zod@4.3.6:
  version "4.3.6"
  resolved "https://registry.npmjs.org/zod/-/zod-4.3.6.tgz#89c56e0aa7d2b05107d894412227087885ab112a"
  integrity sha512-rftlrkhHZOcjDwkGlnUtZZkvaPHCsDATp4pGpuOOMDaTdDDXF91wuVDJoWoPsKX/3YPQ5fHuF3STjcYyKr+Qhg==
