# THIS IS AN AUTOGENERATED FILE. DO NOT EDIT THIS FILE DIRECTLY.
# yarn lockfile v1


"@tencent-weixin/openclaw-weixin-cli@^2.0.1":
  version "2.0.1"
  resolved "https://registry.npmjs.org/@tencent-weixin/openclaw-weixin-cli/-/openclaw-weixin-cli-2.0.1.tgz#ca626076bd82c96f60fc45cb5b3ed445caeba1c0"
  integrity sha512-TRs9r6D5EQqhc2/bPPYurjcQATqV9pdDU9dCXznOm7umcj4Om8yRomMwk4hx4JPuyYCBqzwi2c+AghTUYQo+wg==

"@tencent-weixin/openclaw-weixin@^2.0.1":
  version "2.0.1"
  resolved "https://registry.npmjs.org/@tencent-weixin/openclaw-weixin/-/openclaw-weixin-2.0.1.tgz#06339fdc83226454e1286221889fd62c76ae2463"
  integrity sha512-Ib7onvLU8a1ox9craMZxPwrN+ffJQJbToZzeMwoYryBOMIoBlVY0oCuQF7BZvZ7GRQQKOSSAdxvFkO47hKu0rg==
  dependencies:
    qrcode-terminal "0.12.0"
    zod "4.3.6"

qrcode-terminal@0.12.0:
  version "0.12.0"
  resolved "https://registry.npmjs.org/qrcode-terminal/-/qrcode-terminal-0.12.0.tgz#bb5b699ef7f9f0505092a3748be4464fe71b5819"
  integrity sha512-EXtzRZmC+YGmGlDFbXKxQiMZNwCLEO6BANKXG4iCtSIM0yqc/pappSx3RIKr4r0uh5JsBckOXeKrB3Iz7mdQpQ==

zod@4.3.6:
  version "4.3.6"
  resolved "https://registry.npmjs.org/zod/-/zod-4.3.6.tgz#89c56e0aa7d2b05107d894412227087885ab112a"
  integrity sha512-rftlrkhHZOcjDwkGlnUtZZkvaPHCsDATp4pGpuOOMDaTdDDXF91wuVDJoWoPsKX/3YPQ5fHuF3STjcYyKr+Qhg==
